
Microsoft Visual Studio Solution File, Format Version 12.00
# Visual Studio Version 17
VisualStudioVersion = 17.3.32819.101
MinimumVisualStudioVersion = 10.0.40219.1
Project("{FAE04EC0-301F-11D3-BF4B-00C04F79EFBC}") = "KordamineOOP", "KordamineOOP\KordamineOOP.csproj", "{337181BC-BF1F-42EE-B4CC-4B8FC8FC4AF6}"
EndProject
Global
	GlobalSection(SolutionConfigurationPlatforms) = preSolution
		Debug|Any CPU = Debug|Any CPU
		Release|Any CPU = Release|Any CPU
	EndGlobalSection
	GlobalSection(ProjectConfigurationPlatforms) = postSolution
		{337181BC-BF1F-42EE-B4CC-4B8FC8FC4AF6}.Debug|Any CPU.ActiveCfg = Debug|Any CPU
		{337181BC-BF1F-42EE-B4CC-4B8FC8FC4AF6}.Debug|Any CPU.Build.0 = Debug|Any CPU
		{337181BC-BF1F-42EE-B4CC-4B8FC8FC4AF6}.Release|Any CPU.ActiveCfg = Release|Any CPU
		{337181BC-BF1F-42EE-B4CC-4B8FC8FC4AF6}.Release|Any CPU.Build.0 = Release|Any CPU
	EndGlobalSection
	GlobalSection(SolutionProperties) = preSolution
		HideSolutionNode = FALSE
	EndGlobalSection
	GlobalSection(ExtensibilityGlobals) = postSolution
		SolutionGuid = {2C7BC093-40F9-4F59-9F52-49BD3E09E141}
	EndGlobalSection
EndGlobal
